
Microsoft Visual Studio Solution File, Format Version 12.00
# Visual Studio Version 16
VisualStudioVersion = 16.0.31729.503
MinimumVisualStudioVersion = 10.0.40219.1
Project("{FAE04EC0-301F-11D3-BF4B-00C04F79EFBC}") = "CinemaBookingSystem", "CinemaBookingSystem.csproj", "{DC05DEA1-1A88-4BFA-A62F-BE2726F60CE4}"
EndProject
Global
	GlobalSection(SolutionConfigurationPlatforms) = preSolution
		Debug|Any CPU = Debug|Any CPU
		Release|Any CPU = Release|Any CPU
	EndGlobalSection
	GlobalSection(ProjectConfigurationPlatforms) = postSolution
		{DC05DEA1-1A88-4BFA-A62F-BE2726F60CE4}.Debug|Any CPU.ActiveCfg = Debug|Any CPU
		{DC05DEA1-1A88-4BFA-A62F-BE2726F60CE4}.Debug|Any CPU.Build.0 = Debug|Any CPU
		{DC05DEA1-1A88-4BFA-A62F-BE2726F60CE4}.Release|Any CPU.ActiveCfg = Release|Any CPU
		{DC05DEA1-1A88-4BFA-A62F-BE2726F60CE4}.Release|Any CPU.Build.0 = Release|Any CPU
	EndGlobalSection
	GlobalSection(SolutionProperties) = preSolution
		HideSolutionNode = FALSE
	EndGlobalSection
	GlobalSection(ExtensibilityGlobals) = postSolution
		SolutionGuid = {8F0983AE-67DB-48E7-A611-1D8AD4011A78}
	EndGlobalSection
EndGlobal
